// !$*UTF8*$!
{
	archiveVersion = 1;
	classes = {
	};
	objectVersion = 46;
	objects = {

/* Begin PBXBuildFile section */
		70C2EB411475EF4F00751AE8 /* UIKit.framework in Frameworks */ = {isa = PBXBuildFile; fileRef = 70C2EB401475EF4F00751AE8 /* UIKit.framework */; };
		70C2EB431475EF4F00751AE8 /* Foundation.framework in Frameworks */ = {isa = PBXBuildFile; fileRef = 70C2EB421475EF4F00751AE8 /* Foundation.framework */; };
		70C2EB4B1475EF4F00751AE8 /* InfoPlist.strings in Resources */ = {isa = PBXBuildFile; fileRef = 70C2EB491475EF4F00751AE8 /* InfoPlist.strings */; };
		70C2EB4D1475EF4F00751AE8 /* main.m in Sources */ = {isa = PBXBuildFile; fileRef = 70C2EB4C1475EF4F00751AE8 /* main.m */; };
		70C2EB511475EF4F00751AE8 /* AppDelegate.m in Sources */ = {isa = PBXBuildFile; fileRef = 70C2EB501475EF4F00751AE8 /* AppDelegate.m */; };
		70C2EB541475EF4F00751AE8 /* MainStoryboard.storyboard in Resources */ = {isa = PBXBuildFile; fileRef = 70C2EB521475EF4F00751AE8 /* MainStoryboard.storyboard */; };
		70C2EB571475EF4F00751AE8 /* ViewController.m in Sources */ = {isa = PBXBuildFile; fileRef = 70C2EB561475EF4F00751AE8 /* ViewController.m */; };
		70C2EB601475F07400751AE8 /* AudioToolbox.framework in Frameworks */ = {isa = PBXBuildFile; fileRef = 70C2EB5F1475F07400751AE8 /* AudioToolbox.framework */; };
		70C2EB621475FE4900751AE8 /* MediaPlayer.framework in Frameworks */ = {isa = PBXBuildFile; fileRef = 70C2EB611475FE4900751AE8 /* MediaPlayer.framework */; };
		70C2EB6514760B5A00751AE8 /* RBVolumeButtons.m in Sources */ = {isa = PBXBuildFile; fileRef = 70C2EB6414760B5A00751AE8 /* RBVolumeButtons.m */; };
		E5B0D1E71721150E00BD79DF /* Default-568h@2x.png in Resources */ = {isa = PBXBuildFile; fileRef = E5B0D1E61721150E00BD79DF /* Default-568h@2x.png */; };
/* End PBXBuildFile section */

/* Begin PBXFileReference section */
		70C2EB3C1475EF4F00751AE8 /* VolumeSnap.app */ = {isa = PBXFileReference; explicitFileType = wrapper.application; includeInIndex = 0; path = VolumeSnap.app; sourceTree = BUILT_PRODUCTS_DIR; };
		70C2EB401475EF4F00751AE8 /* UIKit.framework */ = {isa = PBXFileReference; lastKnownFileType = wrapper.framework; name = UIKit.framework; path = System/Library/Frameworks/UIKit.framework; sourceTree = SDKROOT; };
		70C2EB421475EF4F00751AE8 /* Foundation.framework */ = {isa = PBXFileReference; lastKnownFileType = wrapper.framework; name = Foundation.framework; path = System/Library/Frameworks/Foundation.framework; sourceTree = SDKROOT; };
		70C2EB481475EF4F00751AE8 /* VolumeSnap-Info.plist */ = {isa = PBXFileReference; lastKnownFileType = text.plist.xml; path = "VolumeSnap-Info.plist"; sourceTree = "<group>"; };
		70C2EB4A1475EF4F00751AE8 /* en */ = {isa = PBXFileReference; lastKnownFileType = text.plist.strings; name = en; path = en.lproj/InfoPlist.strings; sourceTree = "<group>"; };
		70C2EB4C1475EF4F00751AE8 /* main.m */ = {isa = PBXFileReference; lastKnownFileType = sourcecode.c.objc; path = main.m; sourceTree = "<group>"; };
		70C2EB4E1475EF4F00751AE8 /* VolumeSnap-Prefix.pch */ = {isa = PBXFileReference; lastKnownFileType = sourcecode.c.h; path = "VolumeSnap-Prefix.pch"; sourceTree = "<group>"; };
		70C2EB4F1475EF4F00751AE8 /* AppDelegate.h */ = {isa = PBXFileReference; lastKnownFileType = sourcecode.c.h; path = AppDelegate.h; sourceTree = "<group>"; };
		70C2EB501475EF4F00751AE8 /* AppDelegate.m */ = {isa = PBXFileReference; lastKnownFileType = sourcecode.c.objc; path = AppDelegate.m; sourceTree = "<group>"; };
		70C2EB531475EF4F00751AE8 /* en */ = {isa = PBXFileReference; lastKnownFileType = file.storyboard; name = en; path = en.lproj/MainStoryboard.storyboard; sourceTree = "<group>"; };
		70C2EB551475EF4F00751AE8 /* ViewController.h */ = {isa = PBXFileReference; lastKnownFileType = sourcecode.c.h; path = ViewController.h; sourceTree = "<group>"; };
		70C2EB561475EF4F00751AE8 /* ViewController.m */ = {isa = PBXFileReference; lastKnownFileType = sourcecode.c.objc; path = ViewController.m; sourceTree = "<group>"; };
		70C2EB5F1475F07400751AE8 /* AudioToolbox.framework */ = {isa = PBXFileReference; lastKnownFileType = wrapper.framework; name = AudioToolbox.framework; path = System/Library/Frameworks/AudioToolbox.framework; sourceTree = SDKROOT; };
		70C2EB611475FE4900751AE8 /* MediaPlayer.framework */ = {isa = PBXFileReference; lastKnownFileType = wrapper.framework; name = MediaPlayer.framework; path = System/Library/Frameworks/MediaPlayer.framework; sourceTree = SDKROOT; };
		70C2EB6314760B5A00751AE8 /* RBVolumeButtons.h */ = {isa = PBXFileReference; fileEncoding = 4; lastKnownFileType = sourcecode.c.h; path = RBVolumeButtons.h; sourceTree = "<group>"; };
		70C2EB6414760B5A00751AE8 /* RBVolumeButtons.m */ = {isa = PBXFileReference; fileEncoding = 4; lastKnownFileType = sourcecode.c.objc; path = RBVolumeButtons.m; sourceTree = "<group>"; };
		E5B0D1E61721150E00BD79DF /* Default-568h@2x.png */ = {isa = PBXFileReference; lastKnownFileType = image.png; path = "Default-568h@2x.png"; sourceTree = "<group>"; };
/* End PBXFileReference section */

/* Begin PBXFrameworksBuildPhase section */
		70C2EB391475EF4F00751AE8 /* Frameworks */ = {
			isa = PBXFrameworksBuildPhase;
			buildActionMask = 2147483647;
			files = (
				70C2EB621475FE4900751AE8 /* MediaPlayer.framework in Frameworks */,
				70C2EB601475F07400751AE8 /* AudioToolbox.framework in Frameworks */,
				70C2EB411475EF4F00751AE8 /* UIKit.framework in Frameworks */,
				70C2EB431475EF4F00751AE8 /* Foundation.framework in Frameworks */,
			);
			runOnlyForDeploymentPostprocessing = 0;
		};
/* End PBXFrameworksBuildPhase section */

/* Begin PBXGroup section */
		70C2EB311475EF4F00751AE8 = {
			isa = PBXGroup;
			children = (
				70C2EB461475EF4F00751AE8 /* VolumeSnap */,
				70C2EB3F1475EF4F00751AE8 /* Frameworks */,
				70C2EB3D1475EF4F00751AE8 /* Products */,
			);
			sourceTree = "<group>";
		};
		70C2EB3D1475EF4F00751AE8 /* Products */ = {
			isa = PBXGroup;
			children = (
				70C2EB3C1475EF4F00751AE8 /* VolumeSnap.app */,
			);
			name = Products;
			sourceTree = "<group>";
		};
		70C2EB3F1475EF4F00751AE8 /* Frameworks */ = {
			isa = PBXGroup;
			children = (
				70C2EB5F1475F07400751AE8 /* AudioToolbox.framework */,
				70C2EB421475EF4F00751AE8 /* Foundation.framework */,
				70C2EB611475FE4900751AE8 /* MediaPlayer.framework */,
				70C2EB401475EF4F00751AE8 /* UIKit.framework */,
			);
			name = Frameworks;
			sourceTree = "<group>";
		};
		70C2EB461475EF4F00751AE8 /* VolumeSnap */ = {
			isa = PBXGroup;
			children = (
				70C2EB4F1475EF4F00751AE8 /* AppDelegate.h */,
				70C2EB501475EF4F00751AE8 /* AppDelegate.m */,
				70C2EB521475EF4F00751AE8 /* MainStoryboard.storyboard */,
				70C2EB6314760B5A00751AE8 /* RBVolumeButtons.h */,
				70C2EB6414760B5A00751AE8 /* RBVolumeButtons.m */,
				70C2EB551475EF4F00751AE8 /* ViewController.h */,
				70C2EB561475EF4F00751AE8 /* ViewController.m */,
				70C2EB471475EF4F00751AE8 /* Supporting Files */,
			);
			path = VolumeSnap;
			sourceTree = "<group>";
		};
		70C2EB471475EF4F00751AE8 /* Supporting Files */ = {
			isa = PBXGroup;
			children = (
				70C2EB481475EF4F00751AE8 /* VolumeSnap-Info.plist */,
				70C2EB491475EF4F00751AE8 /* InfoPlist.strings */,
				70C2EB4C1475EF4F00751AE8 /* main.m */,
				70C2EB4E1475EF4F00751AE8 /* VolumeSnap-Prefix.pch */,
				E5B0D1E61721150E00BD79DF /* Default-568h@2x.png */,
			);
			name = "Supporting Files";
			sourceTree = "<group>";
		};
/* End PBXGroup section */

/* Begin PBXNativeTarget section */
		70C2EB3B1475EF4F00751AE8 /* VolumeSnap */ = {
			isa = PBXNativeTarget;
			buildConfigurationList = 70C2EB5A1475EF4F00751AE8 /* Build configuration list for PBXNativeTarget "VolumeSnap" */;
			buildPhases = (
				70C2EB381475EF4F00751AE8 /* Sources */,
				70C2EB391475EF4F00751AE8 /* Frameworks */,
				70C2EB3A1475EF4F00751AE8 /* Resources */,
			);
			buildRules = (
			);
			dependencies = (
			);
			name = VolumeSnap;
			productName = VolumeSnap;
			productReference = 70C2EB3C1475EF4F00751AE8 /* VolumeSnap.app */;
			productType = "com.apple.product-type.application";
		};
/* End PBXNativeTarget section */

/* Begin PBXProject section */
		70C2EB331475EF4F00751AE8 /* Project object */ = {
			isa = PBXProject;
			attributes = {
				LastUpgradeCheck = 0700;
			};
			buildConfigurationList = 70C2EB361475EF4F00751AE8 /* Build configuration list for PBXProject "VolumeSnap" */;
			compatibilityVersion = "Xcode 3.2";
			developmentRegion = English;
			hasScannedForEncodings = 0;
			knownRegions = (
				en,
			);
			mainGroup = 70C2EB311475EF4F00751AE8;
			productRefGroup = 70C2EB3D1475EF4F00751AE8 /* Products */;
			projectDirPath = "";
			projectRoot = "";
			targets = (
				70C2EB3B1475EF4F00751AE8 /* VolumeSnap */,
			);
		};
/* End PBXProject section */

/* Begin PBXResourcesBuildPhase section */
		70C2EB3A1475EF4F00751AE8 /* Resources */ = {
			isa = PBXResourcesBuildPhase;
			buildActionMask = 2147483647;
			files = (
				70C2EB4B1475EF4F00751AE8 /* InfoPlist.strings in Resources */,
				70C2EB541475EF4F00751AE8 /* MainStoryboard.storyboard in Resources */,
				E5B0D1E71721150E00BD79DF /* Default-568h@2x.png in Resources */,
			);
			runOnlyForDeploymentPostprocessing = 0;
		};
/* End PBXResourcesBuildPhase section */

/* Begin PBXSourcesBuildPhase section */
		70C2EB381475EF4F00751AE8 /* Sources */ = {
			isa = PBXSourcesBuildPhase;
			buildActionMask = 2147483647;
			files = (
				70C2EB4D1475EF4F00751AE8 /* main.m in Sources */,
				70C2EB511475EF4F00751AE8 /* AppDelegate.m in Sources */,
				70C2EB571475EF4F00751AE8 /* ViewController.m in Sources */,
				70C2EB6514760B5A00751AE8 /* RBVolumeButtons.m in Sources */,
			);
			runOnlyForDeploymentPostprocessing = 0;
		};
/* End PBXSourcesBuildPhase section */

/* Begin PBXVariantGroup section */
		70C2EB491475EF4F00751AE8 /* InfoPlist.strings */ = {
			isa = PBXVariantGroup;
			children = (
				70C2EB4A1475EF4F00751AE8 /* en */,
			);
			name = InfoPlist.strings;
			sourceTree = "<group>";
		};
		70C2EB521475EF4F00751AE8 /* MainStoryboard.storyboard */ = {
			isa = PBXVariantGroup;
			children = (
				70C2EB531475EF4F00751AE8 /* en */,
			);
			name = MainStoryboard.storyboard;
			sourceTree = "<group>";
		};
/* End PBXVariantGroup section */

/* Begin XCBuildConfiguration section */
		70C2EB581475EF4F00751AE8 /* Debug */ = {
			isa = XCBuildConfiguration;
			buildSettings = {
				ALWAYS_SEARCH_USER_PATHS = NO;
				CLANG_WARN_BOOL_CONVERSION = YES;
				CLANG_WARN_CONSTANT_CONVERSION = YES;
				CLANG_WARN_EMPTY_BODY = YES;
				CLANG_WARN_ENUM_CONVERSION = YES;
				CLANG_WARN_INT_CONVERSION = YES;
				CLANG_WARN_UNREACHABLE_CODE = YES;
				CLANG_WARN__DUPLICATE_METHOD_MATCH = YES;
				"CODE_SIGN_IDENTITY[sdk=iphoneos*]" = "iPhone Developer";
				COPY_PHASE_STRIP = NO;
				ENABLE_STRICT_OBJC_MSGSEND = YES;
				GCC_C_LANGUAGE_STANDARD = gnu99;
				GCC_DYNAMIC_NO_PIC = NO;
				GCC_NO_COMMON_BLOCKS = YES;
				GCC_OPTIMIZATION_LEVEL = 0;
				GCC_PREPROCESSOR_DEFINITIONS = (
					"DEBUG=1",
					"$(inherited)",
				);
				GCC_SYMBOLS_PRIVATE_EXTERN = NO;
				GCC_VERSION = com.apple.compilers.llvm.clang.1_0;
				GCC_WARN_64_TO_32_BIT_CONVERSION = YES;
				GCC_WARN_ABOUT_MISSING_PROTOTYPES = YES;
				GCC_WARN_ABOUT_RETURN_TYPE = YES;
				GCC_WARN_UNDECLARED_SELECTOR = YES;
				GCC_WARN_UNINITIALIZED_AUTOS = YES;
				GCC_WARN_UNUSED_FUNCTION = YES;
				GCC_WARN_UNUSED_VARIABLE = YES;
				IPHONEOS_DEPLOYMENT_TARGET = 5.0;
				ONLY_ACTIVE_ARCH = YES;
				SDKROOT = iphoneos;
			};
			name = Debug;
		};
		70C2EB591475EF4F00751AE8 /* Release */ = {
			isa = XCBuildConfiguration;
			buildSettings = {
				ALWAYS_SEARCH_USER_PATHS = NO;
				CLANG_WARN_BOOL_CONVERSION = YES;
				CLANG_WARN_CONSTANT_CONVERSION = YES;
				CLANG_WARN_EMPTY_BODY = YES;
				CLANG_WARN_ENUM_CONVERSION = YES;
				CLANG_WARN_INT_CONVERSION = YES;
				CLANG_WARN_UNREACHABLE_CODE = YES;
				CLANG_WARN__DUPLICATE_METHOD_MATCH = YES;
				"CODE_SIGN_IDENTITY[sdk=iphoneos*]" = "iPhone Developer";
				COPY_PHASE_STRIP = YES;
				ENABLE_STRICT_OBJC_MSGSEND = YES;
				GCC_C_LANGUAGE_STANDARD = gnu99;
				GCC_NO_COMMON_BLOCKS = YES;
				GCC_VERSION = com.apple.compilers.llvm.clang.1_0;
				GCC_WARN_64_TO_32_BIT_CONVERSION = YES;
				GCC_WARN_ABOUT_MISSING_PROTOTYPES = YES;
				GCC_WARN_ABOUT_RETURN_TYPE = YES;
				GCC_WARN_UNDECLARED_SELECTOR = YES;
				GCC_WARN_UNINITIALIZED_AUTOS = YES;
				GCC_WARN_UNUSED_FUNCTION = YES;
				GCC_WARN_UNUSED_VARIABLE = YES;
				IPHONEOS_DEPLOYMENT_TARGET = 5.0;
				OTHER_CFLAGS = "-DNS_BLOCK_ASSERTIONS=1";
				SDKROOT = iphoneos;
				VALIDATE_PRODUCT = YES;
			};
			name = Release;
		};
		70C2EB5B1475EF4F00751AE8 /* Debug */ = {
			isa = XCBuildConfiguration;
			buildSettings = {
				ENABLE_BITCODE = NO;
				GCC_PRECOMPILE_PREFIX_HEADER = YES;
				GCC_PREFIX_HEADER = "VolumeSnap/VolumeSnap-Prefix.pch";
				INFOPLIST_FILE = "VolumeSnap/VolumeSnap-Info.plist";
				PRODUCT_BUNDLE_IDENTIFIER = "com.FARP.${PRODUCT_NAME:rfc1034identifier}";
				PRODUCT_NAME = "$(TARGET_NAME)";
				WRAPPER_EXTENSION = app;
			};
			name = Debug;
		};
		70C2EB5C1475EF4F00751AE8 /* Release */ = {
			isa = XCBuildConfiguration;
			buildSettings = {
				ENABLE_BITCODE = NO;
				GCC_PRECOMPILE_PREFIX_HEADER = YES;
				GCC_PREFIX_HEADER = "VolumeSnap/VolumeSnap-Prefix.pch";
				INFOPLIST_FILE = "VolumeSnap/VolumeSnap-Info.plist";
				PRODUCT_BUNDLE_IDENTIFIER = "com.FARP.${PRODUCT_NAME:rfc1034identifier}";
				PRODUCT_NAME = "$(TARGET_NAME)";
				WRAPPER_EXTENSION = app;
			};
			name = Release;
		};
/* End XCBuildConfiguration section */

/* Begin XCConfigurationList section */
		70C2EB361475EF4F00751AE8 /* Build configuration list for PBXProject "VolumeSnap" */ = {
			isa = XCConfigurationList;
			buildConfigurations = (
				70C2EB581475EF4F00751AE8 /* Debug */,
				70C2EB591475EF4F00751AE8 /* Release */,
			);
			defaultConfigurationIsVisible = 0;
			defaultConfigurationName = Release;
		};
		70C2EB5A1475EF4F00751AE8 /* Build configuration list for PBXNativeTarget "VolumeSnap" */ = {
			isa = XCConfigurationList;
			buildConfigurations = (
				70C2EB5B1475EF4F00751AE8 /* Debug */,
				70C2EB5C1475EF4F00751AE8 /* Release */,
			);
			defaultConfigurationIsVisible = 0;
			defaultConfigurationName = Release;
		};
/* End XCConfigurationList section */
	};
	rootObject = 70C2EB331475EF4F00751AE8 /* Project object */;
}
